
Microsoft Visual Studio Solution File, Format Version 12.00
# Visual Studio Version 17
VisualStudioVersion = 17.0.31903.59
MinimumVisualStudioVersion = 10.0.40219.1
Project("{FAE04EC0-301F-11D3-BF4B-00C04F79EFBC}") = "ProductApi.Api", "ProductApi.Api\ProductApi.Api.csproj", "{F0017554-6C77-4949-9AD6-038C3B114D15}"
EndProject
Project("{FAE04EC0-301F-11D3-BF4B-00C04F79EFBC}") = "ProductApi.Application", "ProductApi.Application\ProductApi.Application.csproj", "{DDE5CE22-189E-4722-8A98-EC81FDDBE6DE}"
EndProject
Project("{FAE04EC0-301F-11D3-BF4B-00C04F79EFBC}") = "ProductApi.Domain", "ProductApi.Domain\ProductApi.Domain.csproj", "{2BEA16C9-45A7-44F2-A03A-F76C09C57938}"
EndProject
Project("{FAE04EC0-301F-11D3-BF4B-00C04F79EFBC}") = "ProductApi.Infrastructure", "ProductApi.Infrastructure\ProductApi.Infrastructure.csproj", "{9CF49850-FE8E-46B5-BDE7-332B23F933BF}"
EndProject
Project("{FAE04EC0-301F-11D3-BF4B-00C04F79EFBC}") = "ProductApi.Tests", "ProductApi.Tests\ProductApi.Tests.csproj", "{C1903183-E22C-4282-8C79-16B0C1827CB9}"
EndProject
Global
	GlobalSection(SolutionConfigurationPlatforms) = preSolution
		Debug|Any CPU = Debug|Any CPU
		Debug|x64 = Debug|x64
		Debug|x86 = Debug|x86
		Release|Any CPU = Release|Any CPU
		Release|x64 = Release|x64
		Release|x86 = Release|x86
	EndGlobalSection
	GlobalSection(ProjectConfigurationPlatforms) = postSolution
		{F0017554-6C77-4949-9AD6-038C3B114D15}.Debug|Any CPU.ActiveCfg = Debug|Any CPU
		{F0017554-6C77-4949-9AD6-038C3B114D15}.Debug|Any CPU.Build.0 = Debug|Any CPU
		{F0017554-6C77-4949-9AD6-038C3B114D15}.Debug|x64.ActiveCfg = Debug|Any CPU
		{F0017554-6C77-4949-9AD6-038C3B114D15}.Debug|x64.Build.0 = Debug|Any CPU
		{F0017554-6C77-4949-9AD6-038C3B114D15}.Debug|x86.ActiveCfg = Debug|Any CPU
		{F0017554-6C77-4949-9AD6-038C3B114D15}.Debug|x86.Build.0 = Debug|Any CPU
		{F0017554-6C77-4949-9AD6-038C3B114D15}.Release|Any CPU.ActiveCfg = Release|Any CPU
		{F0017554-6C77-4949-9AD6-038C3B114D15}.Release|Any CPU.Build.0 = Release|Any CPU
		{F0017554-6C77-4949-9AD6-038C3B114D15}.Release|x64.ActiveCfg = Release|Any CPU
		{F0017554-6C77-4949-9AD6-038C3B114D15}.Release|x64.Build.0 = Release|Any CPU
		{F0017554-6C77-4949-9AD6-038C3B114D15}.Release|x86.ActiveCfg = Release|Any CPU
		{F0017554-6C77-4949-9AD6-038C3B114D15}.Release|x86.Build.0 = Release|Any CPU
		{DDE5CE22-189E-4722-8A98-EC81FDDBE6DE}.Debug|Any CPU.ActiveCfg = Debug|Any CPU
		{DDE5CE22-189E-4722-8A98-EC81FDDBE6DE}.Debug|Any CPU.Build.0 = Debug|Any CPU
		{DDE5CE22-189E-4722-8A98-EC81FDDBE6DE}.Debug|x64.ActiveCfg = Debug|Any CPU
		{DDE5CE22-189E-4722-8A98-EC81FDDBE6DE}.Debug|x64.Build.0 = Debug|Any CPU
		{DDE5CE22-189E-4722-8A98-EC81FDDBE6DE}.Debug|x86.ActiveCfg = Debug|Any CPU
		{DDE5CE22-189E-4722-8A98-EC81FDDBE6DE}.Debug|x86.Build.0 = Debug|Any CPU
		{DDE5CE22-189E-4722-8A98-EC81FDDBE6DE}.Release|Any CPU.ActiveCfg = Release|Any CPU
		{DDE5CE22-189E-4722-8A98-EC81FDDBE6DE}.Release|Any CPU.Build.0 = Release|Any CPU
		{DDE5CE22-189E-4722-8A98-EC81FDDBE6DE}.Release|x64.ActiveCfg = Release|Any CPU
		{DDE5CE22-189E-4722-8A98-EC81FDDBE6DE}.Release|x64.Build.0 = Release|Any CPU
		{DDE5CE22-189E-4722-8A98-EC81FDDBE6DE}.Release|x86.ActiveCfg = Release|Any CPU
		{DDE5CE22-189E-4722-8A98-EC81FDDBE6DE}.Release|x86.Build.0 = Release|Any CPU
		{2BEA16C9-45A7-44F2-A03A-F76C09C57938}.Debug|Any CPU.ActiveCfg = Debug|Any CPU
		{2BEA16C9-45A7-44F2-A03A-F76C09C57938}.Debug|Any CPU.Build.0 = Debug|Any CPU
		{2BEA16C9-45A7-44F2-A03A-F76C09C57938}.Debug|x64.ActiveCfg = Debug|Any CPU
		{2BEA16C9-45A7-44F2-A03A-F76C09C57938}.Debug|x64.Build.0 = Debug|Any CPU
		{2BEA16C9-45A7-44F2-A03A-F76C09C57938}.Debug|x86.ActiveCfg = Debug|Any CPU
		{2BEA16C9-45A7-44F2-A03A-F76C09C57938}.Debug|x86.Build.0 = Debug|Any CPU
		{2BEA16C9-45A7-44F2-A03A-F76C09C57938}.Release|Any CPU.ActiveCfg = Release|Any CPU
		{2BEA16C9-45A7-44F2-A03A-F76C09C57938}.Release|Any CPU.Build.0 = Release|Any CPU
		{2BEA16C9-45A7-44F2-A03A-F76C09C57938}.Release|x64.ActiveCfg = Release|Any CPU
		{2BEA16C9-45A7-44F2-A03A-F76C09C57938}.Release|x64.Build.0 = Release|Any CPU
		{2BEA16C9-45A7-44F2-A03A-F76C09C57938}.Release|x86.ActiveCfg = Release|Any CPU
		{2BEA16C9-45A7-44F2-A03A-F76C09C57938}.Release|x86.Build.0 = Release|Any CPU
		{9CF49850-FE8E-46B5-BDE7-332B23F933BF}.Debug|Any CPU.ActiveCfg = Debug|Any CPU
		{9CF49850-FE8E-46B5-BDE7-332B23F933BF}.Debug|Any CPU.Build.0 = Debug|Any CPU
		{9CF49850-FE8E-46B5-BDE7-332B23F933BF}.Debug|x64.ActiveCfg = Debug|Any CPU
		{9CF49850-FE8E-46B5-BDE7-332B23F933BF}.Debug|x64.Build.0 = Debug|Any CPU
		{9CF49850-FE8E-46B5-BDE7-332B23F933BF}.Debug|x86.ActiveCfg = Debug|Any CPU
		{9CF49850-FE8E-46B5-BDE7-332B23F933BF}.Debug|x86.Build.0 = Debug|Any CPU
		{9CF49850-FE8E-46B5-BDE7-332B23F933BF}.Release|Any CPU.ActiveCfg = Release|Any CPU
		{9CF49850-FE8E-46B5-BDE7-332B23F933BF}.Release|Any CPU.Build.0 = Release|Any CPU
		{9CF49850-FE8E-46B5-BDE7-332B23F933BF}.Release|x64.ActiveCfg = Release|Any CPU
		{9CF49850-FE8E-46B5-BDE7-332B23F933BF}.Release|x64.Build.0 = Release|Any CPU
		{9CF49850-FE8E-46B5-BDE7-332B23F933BF}.Release|x86.ActiveCfg = Release|Any CPU
		{9CF49850-FE8E-46B5-BDE7-332B23F933BF}.Release|x86.Build.0 = Release|Any CPU
		{C1903183-E22C-4282-8C79-16B0C1827CB9}.Debug|Any CPU.ActiveCfg = Debug|Any CPU
		{C1903183-E22C-4282-8C79-16B0C1827CB9}.Debug|Any CPU.Build.0 = Debug|Any CPU
		{C1903183-E22C-4282-8C79-16B0C1827CB9}.Debug|x64.ActiveCfg = Debug|Any CPU
		{C1903183-E22C-4282-8C79-16B0C1827CB9}.Debug|x64.Build.0 = Debug|Any CPU
		{C1903183-E22C-4282-8C79-16B0C1827CB9}.Debug|x86.ActiveCfg = Debug|Any CPU
		{C1903183-E22C-4282-8C79-16B0C1827CB9}.Debug|x86.Build.0 = Debug|Any CPU
		{C1903183-E22C-4282-8C79-16B0C1827CB9}.Release|Any CPU.ActiveCfg = Release|Any CPU
		{C1903183-E22C-4282-8C79-16B0C1827CB9}.Release|Any CPU.Build.0 = Release|Any CPU
		{C1903183-E22C-4282-8C79-16B0C1827CB9}.Release|x64.ActiveCfg = Release|Any CPU
		{C1903183-E22C-4282-8C79-16B0C1827CB9}.Release|x64.Build.0 = Release|Any CPU
		{C1903183-E22C-4282-8C79-16B0C1827CB9}.Release|x86.ActiveCfg = Release|Any CPU
		{C1903183-E22C-4282-8C79-16B0C1827CB9}.Release|x86.Build.0 = Release|Any CPU
	EndGlobalSection
	GlobalSection(SolutionProperties) = preSolution
		HideSolutionNode = FALSE
	EndGlobalSection
EndGlobal
